
Microsoft Visual Studio Solution File, Format Version 11.00
# Visual Studio 2010
Project("{FAE04EC0-301F-11D3-BF4B-00C04F79EFBC}") = "FPS1", "Assembly-CSharp.csproj", "{BDD27165-B539-B53E-51EE-A63A6C0C0E47}"
EndProject
Project("{FAE04EC0-301F-11D3-BF4B-00C04F79EFBC}") = "FPS1", "Assembly-CSharp-Editor.csproj", "{77FE84DA-09D6-CDAB-9A8E-9746295D3F64}"
EndProject
Global
	GlobalSection(SolutionConfigurationPlatforms) = preSolution
		Debug|Any CPU = Debug|Any CPU
		Release|Any CPU = Release|Any CPU
	EndGlobalSection
	GlobalSection(ProjectConfigurationPlatforms) = postSolution
		{BDD27165-B539-B53E-51EE-A63A6C0C0E47}.Debug|Any CPU.ActiveCfg = Debug|Any CPU
		{BDD27165-B539-B53E-51EE-A63A6C0C0E47}.Debug|Any CPU.Build.0 = Debug|Any CPU
		{BDD27165-B539-B53E-51EE-A63A6C0C0E47}.Release|Any CPU.ActiveCfg = Release|Any CPU
		{BDD27165-B539-B53E-51EE-A63A6C0C0E47}.Release|Any CPU.Build.0 = Release|Any CPU
		{77FE84DA-09D6-CDAB-9A8E-9746295D3F64}.Debug|Any CPU.ActiveCfg = Debug|Any CPU
		{77FE84DA-09D6-CDAB-9A8E-9746295D3F64}.Debug|Any CPU.Build.0 = Debug|Any CPU
		{77FE84DA-09D6-CDAB-9A8E-9746295D3F64}.Release|Any CPU.ActiveCfg = Release|Any CPU
		{77FE84DA-09D6-CDAB-9A8E-9746295D3F64}.Release|Any CPU.Build.0 = Release|Any CPU
	EndGlobalSection
	GlobalSection(SolutionProperties) = preSolution
		HideSolutionNode = FALSE
	EndGlobalSection
	GlobalSection(MonoDevelopProperties) = preSolution
		StartupItem = Assembly-CSharp.csproj
	EndGlobalSection
EndGlobal
